// !$*UTF8*$!
{
	archiveVersion = 1;
	classes = {
	};
	objectVersion = 46;
	objects = {

/* Begin PBXBuildFile section */
		6DC9C11E1CC4CDB000043473 /* AppDelegate.swift in Sources */ = {isa = PBXBuildFile; fileRef = 6DC9C11D1CC4CDB000043473 /* AppDelegate.swift */; };
		6DC9C1201CC4CDB000043473 /* ViewController.swift in Sources */ = {isa = PBXBuildFile; fileRef = 6DC9C11F1CC4CDB000043473 /* ViewController.swift */; };
		6DC9C1231CC4CDB000043473 /* Main.storyboard in Resources */ = {isa = PBXBuildFile; fileRef = 6DC9C1211CC4CDB000043473 /* Main.storyboard */; };
		6DC9C1251CC4CDB000043473 /* Assets.xcassets in Resources */ = {isa = PBXBuildFile; fileRef = 6DC9C1241CC4CDB000043473 /* Assets.xcassets */; };
		6DC9C1281CC4CDB000043473 /* LaunchScreen.storyboard in Resources */ = {isa = PBXBuildFile; fileRef = 6DC9C1261CC4CDB000043473 /* LaunchScreen.storyboard */; };
		6DC9C1311CC4CDC300043473 /* SeasonDataSource.swift in Sources */ = {isa = PBXBuildFile; fileRef = 6DC9C12F1CC4CDC300043473 /* SeasonDataSource.swift */; };
		6DC9C1321CC4CDC300043473 /* WallPaper.swift in Sources */ = {isa = PBXBuildFile; fileRef = 6DC9C1301CC4CDC300043473 /* WallPaper.swift */; };
		6DC9C1341CC4CE0600043473 /* Seasons.xcassets in Resources */ = {isa = PBXBuildFile; fileRef = 6DC9C1331CC4CE0600043473 /* Seasons.xcassets */; };
/* End PBXBuildFile section */

/* Begin PBXFileReference section */
		6DC9C11A1CC4CDB000043473 /* SeasonsTableViewDemo.app */ = {isa = PBXFileReference; explicitFileType = wrapper.application; includeInIndex = 0; path = SeasonsTableViewDemo.app; sourceTree = BUILT_PRODUCTS_DIR; };
		6DC9C11D1CC4CDB000043473 /* AppDelegate.swift */ = {isa = PBXFileReference; lastKnownFileType = sourcecode.swift; path = AppDelegate.swift; sourceTree = "<group>"; };
		6DC9C11F1CC4CDB000043473 /* ViewController.swift */ = {isa = PBXFileReference; lastKnownFileType = sourcecode.swift; path = ViewController.swift; sourceTree = "<group>"; };
		6DC9C1221CC4CDB000043473 /* Base */ = {isa = PBXFileReference; lastKnownFileType = file.storyboard; name = Base; path = Base.lproj/Main.storyboard; sourceTree = "<group>"; };
		6DC9C1241CC4CDB000043473 /* Assets.xcassets */ = {isa = PBXFileReference; lastKnownFileType = folder.assetcatalog; path = Assets.xcassets; sourceTree = "<group>"; };
		6DC9C1271CC4CDB000043473 /* Base */ = {isa = PBXFileReference; lastKnownFileType = file.storyboard; name = Base; path = Base.lproj/LaunchScreen.storyboard; sourceTree = "<group>"; };
		6DC9C1291CC4CDB000043473 /* Info.plist */ = {isa = PBXFileReference; lastKnownFileType = text.plist.xml; path = Info.plist; sourceTree = "<group>"; };
		6DC9C12F1CC4CDC300043473 /* SeasonDataSource.swift */ = {isa = PBXFileReference; fileEncoding = 4; lastKnownFileType = sourcecode.swift; path = SeasonDataSource.swift; sourceTree = "<group>"; };
		6DC9C1301CC4CDC300043473 /* WallPaper.swift */ = {isa = PBXFileReference; fileEncoding = 4; lastKnownFileType = sourcecode.swift; path = WallPaper.swift; sourceTree = "<group>"; };
		6DC9C1331CC4CE0600043473 /* Seasons.xcassets */ = {isa = PBXFileReference; lastKnownFileType = folder.assetcatalog; path = Seasons.xcassets; sourceTree = "<group>"; };
/* End PBXFileReference section */

/* Begin PBXFrameworksBuildPhase section */
		6DC9C1171CC4CDB000043473 /* Frameworks */ = {
			isa = PBXFrameworksBuildPhase;
			buildActionMask = 2147483647;
			files = (
			);
			runOnlyForDeploymentPostprocessing = 0;
		};
/* End PBXFrameworksBuildPhase section */

/* Begin PBXGroup section */
		6DC9C1111CC4CDB000043473 = {
			isa = PBXGroup;
			children = (
				6DC9C11C1CC4CDB000043473 /* SeasonsTableViewDemo */,
				6DC9C11B1CC4CDB000043473 /* Products */,
			);
			sourceTree = "<group>";
		};
		6DC9C11B1CC4CDB000043473 /* Products */ = {
			isa = PBXGroup;
			children = (
				6DC9C11A1CC4CDB000043473 /* SeasonsTableViewDemo.app */,
			);
			name = Products;
			sourceTree = "<group>";
		};
		6DC9C11C1CC4CDB000043473 /* SeasonsTableViewDemo */ = {
			isa = PBXGroup;
			children = (
				6DC9C11D1CC4CDB000043473 /* AppDelegate.swift */,
				6DC9C11F1CC4CDB000043473 /* ViewController.swift */,
				6DC9C12F1CC4CDC300043473 /* SeasonDataSource.swift */,
				6DC9C1301CC4CDC300043473 /* WallPaper.swift */,
				6DC9C1211CC4CDB000043473 /* Main.storyboard */,
				6DC9C1331CC4CE0600043473 /* Seasons.xcassets */,
				6DC9C1241CC4CDB000043473 /* Assets.xcassets */,
				6DC9C1261CC4CDB000043473 /* LaunchScreen.storyboard */,
				6DC9C1291CC4CDB000043473 /* Info.plist */,
			);
			path = SeasonsTableViewDemo;
			sourceTree = "<group>";
		};
/* End PBXGroup section */

/* Begin PBXNativeTarget section */
		6DC9C1191CC4CDB000043473 /* SeasonsTableViewDemo */ = {
			isa = PBXNativeTarget;
			buildConfigurationList = 6DC9C12C1CC4CDB000043473 /* Build configuration list for PBXNativeTarget "SeasonsTableViewDemo" */;
			buildPhases = (
				6DC9C1161CC4CDB000043473 /* Sources */,
				6DC9C1171CC4CDB000043473 /* Frameworks */,
				6DC9C1181CC4CDB000043473 /* Resources */,
			);
			buildRules = (
			);
			dependencies = (
			);
			name = SeasonsTableViewDemo;
			productName = SeasonsTableViewDemo;
			productReference = 6DC9C11A1CC4CDB000043473 /* SeasonsTableViewDemo.app */;
			productType = "com.apple.product-type.application";
		};
/* End PBXNativeTarget section */

/* Begin PBXProject section */
		6DC9C1121CC4CDB000043473 /* Project object */ = {
			isa = PBXProject;
			attributes = {
				LastSwiftUpdateCheck = 0720;
				LastUpgradeCheck = 0720;
				ORGANIZATIONNAME = HackerU;
				TargetAttributes = {
					6DC9C1191CC4CDB000043473 = {
						CreatedOnToolsVersion = 7.2.1;
					};
				};
			};
			buildConfigurationList = 6DC9C1151CC4CDB000043473 /* Build configuration list for PBXProject "SeasonsTableViewDemo" */;
			compatibilityVersion = "Xcode 3.2";
			developmentRegion = English;
			hasScannedForEncodings = 0;
			knownRegions = (
				en,
				Base,
			);
			mainGroup = 6DC9C1111CC4CDB000043473;
			productRefGroup = 6DC9C11B1CC4CDB000043473 /* Products */;
			projectDirPath = "";
			projectRoot = "";
			targets = (
				6DC9C1191CC4CDB000043473 /* SeasonsTableViewDemo */,
			);
		};
/* End PBXProject section */

/* Begin PBXResourcesBuildPhase section */
		6DC9C1181CC4CDB000043473 /* Resources */ = {
			isa = PBXResourcesBuildPhase;
			buildActionMask = 2147483647;
			files = (
				6DC9C1341CC4CE0600043473 /* Seasons.xcassets in Resources */,
				6DC9C1281CC4CDB000043473 /* LaunchScreen.storyboard in Resources */,
				6DC9C1251CC4CDB000043473 /* Assets.xcassets in Resources */,
				6DC9C1231CC4CDB000043473 /* Main.storyboard in Resources */,
			);
			runOnlyForDeploymentPostprocessing = 0;
		};
/* End PBXResourcesBuildPhase section */

/* Begin PBXSourcesBuildPhase section */
		6DC9C1161CC4CDB000043473 /* Sources */ = {
			isa = PBXSourcesBuildPhase;
			buildActionMask = 2147483647;
			files = (
				6DC9C1201CC4CDB000043473 /* ViewController.swift in Sources */,
				6DC9C1311CC4CDC300043473 /* SeasonDataSource.swift in Sources */,
				6DC9C1321CC4CDC300043473 /* WallPaper.swift in Sources */,
				6DC9C11E1CC4CDB000043473 /* AppDelegate.swift in Sources */,
			);
			runOnlyForDeploymentPostprocessing = 0;
		};
/* End PBXSourcesBuildPhase section */

/* Begin PBXVariantGroup section */
		6DC9C1211CC4CDB000043473 /* Main.storyboard */ = {
			isa = PBXVariantGroup;
			children = (
				6DC9C1221CC4CDB000043473 /* Base */,
			);
			name = Main.storyboard;
			sourceTree = "<group>";
		};
		6DC9C1261CC4CDB000043473 /* LaunchScreen.storyboard */ = {
			isa = PBXVariantGroup;
			children = (
				6DC9C1271CC4CDB000043473 /* Base */,
			);
			name = LaunchScreen.storyboard;
			sourceTree = "<group>";
		};
/* End PBXVariantGroup section */

/* Begin XCBuildConfiguration section */
		6DC9C12A1CC4CDB000043473 /* Debug */ = {
			isa = XCBuildConfiguration;
			buildSettings = {
				ALWAYS_SEARCH_USER_PATHS = NO;
				CLANG_CXX_LANGUAGE_STANDARD = "gnu++0x";
				CLANG_CXX_LIBRARY = "libc++";
				CLANG_ENABLE_MODULES = YES;
				CLANG_ENABLE_OBJC_ARC = YES;
				CLANG_WARN_BOOL_CONVERSION = YES;
				CLANG_WARN_CONSTANT_CONVERSION = YES;
				CLANG_WARN_DIRECT_OBJC_ISA_USAGE = YES_ERROR;
				CLANG_WARN_EMPTY_BODY = YES;
				CLANG_WARN_ENUM_CONVERSION = YES;
				CLANG_WARN_INT_CONVERSION = YES;
				CLANG_WARN_OBJC_ROOT_CLASS = YES_ERROR;
				CLANG_WARN_UNREACHABLE_CODE = YES;
				CLANG_WARN__DUPLICATE_METHOD_MATCH = YES;
				"CODE_SIGN_IDENTITY[sdk=iphoneos*]" = "iPhone Developer";
				COPY_PHASE_STRIP = NO;
				DEBUG_INFORMATION_FORMAT = dwarf;
				ENABLE_STRICT_OBJC_MSGSEND = YES;
				ENABLE_TESTABILITY = YES;
				GCC_C_LANGUAGE_STANDARD = gnu99;
				GCC_DYNAMIC_NO_PIC = NO;
				GCC_NO_COMMON_BLOCKS = YES;
				GCC_OPTIMIZATION_LEVEL = 0;
				GCC_PREPROCESSOR_DEFINITIONS = (
					"DEBUG=1",
					"$(inherited)",
				);
				GCC_WARN_64_TO_32_BIT_CONVERSION = YES;
				GCC_WARN_ABOUT_RETURN_TYPE = YES_ERROR;
				GCC_WARN_UNDECLARED_SELECTOR = YES;
				GCC_WARN_UNINITIALIZED_AUTOS = YES_AGGRESSIVE;
				GCC_WARN_UNUSED_FUNCTION = YES;
				GCC_WARN_UNUSED_VARIABLE = YES;
				IPHONEOS_DEPLOYMENT_TARGET = 9.2;
				MTL_ENABLE_DEBUG_INFO = YES;
				ONLY_ACTIVE_ARCH = YES;
				SDKROOT = iphoneos;
				SWIFT_OPTIMIZATION_LEVEL = "-Onone";
				TARGETED_DEVICE_FAMILY = "1,2";
			};
			name = Debug;
		};
		6DC9C12B1CC4CDB000043473 /* Release */ = {
			isa = XCBuildConfiguration;
			buildSettings = {
				ALWAYS_SEARCH_USER_PATHS = NO;
				CLANG_CXX_LANGUAGE_STANDARD = "gnu++0x";
				CLANG_CXX_LIBRARY = "libc++";
				CLANG_ENABLE_MODULES = YES;
				CLANG_ENABLE_OBJC_ARC = YES;
				CLANG_WARN_BOOL_CONVERSION = YES;
				CLANG_WARN_CONSTANT_CONVERSION = YES;
				CLANG_WARN_DIRECT_OBJC_ISA_USAGE = YES_ERROR;
				CLANG_WARN_EMPTY_BODY = YES;
				CLANG_WARN_ENUM_CONVERSION = YES;
				CLANG_WARN_INT_CONVERSION = YES;
				CLANG_WARN_OBJC_ROOT_CLASS = YES_ERROR;
				CLANG_WARN_UNREACHABLE_CODE = YES;
				CLANG_WARN__DUPLICATE_METHOD_MATCH = YES;
				"CODE_SIGN_IDENTITY[sdk=iphoneos*]" = "iPhone Developer";
				COPY_PHASE_STRIP = NO;
				DEBUG_INFORMATION_FORMAT = "dwarf-with-dsym";
				ENABLE_NS_ASSERTIONS = NO;
				ENABLE_STRICT_OBJC_MSGSEND = YES;
				GCC_C_LANGUAGE_STANDARD = gnu99;
				GCC_NO_COMMON_BLOCKS = YES;
				GCC_WARN_64_TO_32_BIT_CONVERSION = YES;
				GCC_WARN_ABOUT_RETURN_TYPE = YES_ERROR;
				GCC_WARN_UNDECLARED_SELECTOR = YES;
				GCC_WARN_UNINITIALIZED_AUTOS = YES_AGGRESSIVE;
				GCC_WARN_UNUSED_FUNCTION = YES;
				GCC_WARN_UNUSED_VARIABLE = YES;
				IPHONEOS_DEPLOYMENT_TARGET = 9.2;
				MTL_ENABLE_DEBUG_INFO = NO;
				SDKROOT = iphoneos;
				TARGETED_DEVICE_FAMILY = "1,2";
				VALIDATE_PRODUCT = YES;
			};
			name = Release;
		};
		6DC9C12D1CC4CDB000043473 /* Debug */ = {
			isa = XCBuildConfiguration;
			buildSettings = {
				ASSETCATALOG_COMPILER_APPICON_NAME = AppIcon;
				INFOPLIST_FILE = SeasonsTableViewDemo/Info.plist;
				LD_RUNPATH_SEARCH_PATHS = "$(inherited) @executable_path/Frameworks";
				PRODUCT_BUNDLE_IDENTIFIER = edu.tomerbu.hackeru.SeasonsTableViewDemo;
				PRODUCT_NAME = "$(TARGET_NAME)";
			};
			name = Debug;
		};
		6DC9C12E1CC4CDB000043473 /* Release */ = {
			isa = XCBuildConfiguration;
			buildSettings = {
				ASSETCATALOG_COMPILER_APPICON_NAME = AppIcon;
				INFOPLIST_FILE = SeasonsTableViewDemo/Info.plist;
				LD_RUNPATH_SEARCH_PATHS = "$(inherited) @executable_path/Frameworks";
				PRODUCT_BUNDLE_IDENTIFIER = edu.tomerbu.hackeru.SeasonsTableViewDemo;
				PRODUCT_NAME = "$(TARGET_NAME)";
			};
			name = Release;
		};
/* End XCBuildConfiguration section */

/* Begin XCConfigurationList section */
		6DC9C1151CC4CDB000043473 /* Build configuration list for PBXProject "SeasonsTableViewDemo" */ = {
			isa = XCConfigurationList;
			buildConfigurations = (
				6DC9C12A1CC4CDB000043473 /* Debug */,
				6DC9C12B1CC4CDB000043473 /* Release */,
			);
			defaultConfigurationIsVisible = 0;
			defaultConfigurationName = Release;
		};
		6DC9C12C1CC4CDB000043473 /* Build configuration list for PBXNativeTarget "SeasonsTableViewDemo" */ = {
			isa = XCConfigurationList;
			buildConfigurations = (
				6DC9C12D1CC4CDB000043473 /* Debug */,
				6DC9C12E1CC4CDB000043473 /* Release */,
			);
			defaultConfigurationIsVisible = 0;
		};
/* End XCConfigurationList section */
	};
	rootObject = 6DC9C1121CC4CDB000043473 /* Project object */;
}
